
Microsoft Visual Studio Solution File, Format Version 12.00
# Visual Studio 15 h
VisualStudioVersion = 15.0.26124.0
MinimumVisualStudioVersion = 15.0.26124.0
Project("{2150E333-8FDC-42A3-9474-1A3956D46DE8}") = "Code", "Code", "{377BC13E-E7D9-4D7F-BCCB-1A2ABA43A0C3}"
EndProject
Project("{FAE04EC0-301F-11D3-BF4B-00C04F79EFBC}") = "denverone.Api", "Code\denverone.Api\denverone.Api.csproj", "{C1CE9970-D8C8-4D39-BE0D-CF6AD6026393}"
EndProject
Project("{FAE04EC0-301F-11D3-BF4B-00C04F79EFBC}") = "denverone.Business", "Code\denverone.Business\denverone.Business.csproj", "{80E871B3-6CE9-49EF-B062-45A5A0F66279}"
EndProject
Project("{FAE04EC0-301F-11D3-BF4B-00C04F79EFBC}") = "denverone.Data", "Code\denverone.Data\denverone.Data.csproj", "{ED414DDC-6050-4E8E-B1D4-289A5AAEE378}"
EndProject
Project("{FAE04EC0-301F-11D3-BF4B-00C04F79EFBC}") = "denverone.Entities", "Code\denverone.Entities\denverone.Entities.csproj", "{1AD1B139-9F96-4A82-9D2E-E48CE43655BF}"
EndProject
Project("{FAE04EC0-301F-11D3-BF4B-00C04F79EFBC}") = "denverone.Test.Api", "Code\denverone.Test.Api\denverone.Test.Api.csproj", "{045868B7-B215-48D3-87BD-9AEC32C97CC6}"
EndProject
Project("{FAE04EC0-301F-11D3-BF4B-00C04F79EFBC}") = "denverone.Test.Business", "Code\denverone.Test.Business\denverone.Test.Business.csproj", "{2EC7E901-DC72-4F6E-B930-2B8CEF4257A1}"
EndProject
Project("{FAE04EC0-301F-11D3-BF4B-00C04F79EFBC}") = "denverone.Test.Framework", "Code\denverone.Test.Framework\denverone.Test.Framework.csproj", "{7F6F4D0E-3E22-4A4F-831C-83A4BB67B72B}"
EndProject
Project("{2150E333-8FDC-42A3-9474-1A3956D46DE8}") = "Test", "Test", "{1FEF56CE-A220-4C1F-A444-03F10ED816A3}"
EndProject
Global
	GlobalSection(SolutionConfigurationPlatforms) = preSolution
		Debug|Any CPU = Debug|Any CPU
		Debug|x64 = Debug|x64
		Debug|x86 = Debug|x86
		Release|Any CPU = Release|Any CPU
		Release|x64 = Release|x64
		Release|x86 = Release|x86
	EndGlobalSection
	GlobalSection(SolutionProperties) = preSolution
		HideSolutionNode = FALSE
	EndGlobalSection
	GlobalSection(ProjectConfigurationPlatforms) = postSolution
		{C1CE9970-D8C8-4D39-BE0D-CF6AD6026393}.Debug|Any CPU.ActiveCfg = Debug|Any CPU
		{C1CE9970-D8C8-4D39-BE0D-CF6AD6026393}.Debug|Any CPU.Build.0 = Debug|Any CPU
		{C1CE9970-D8C8-4D39-BE0D-CF6AD6026393}.Debug|x64.ActiveCfg = Debug|Any CPU
		{C1CE9970-D8C8-4D39-BE0D-CF6AD6026393}.Debug|x64.Build.0 = Debug|Any CPU
		{C1CE9970-D8C8-4D39-BE0D-CF6AD6026393}.Debug|x86.ActiveCfg = Debug|Any CPU
		{C1CE9970-D8C8-4D39-BE0D-CF6AD6026393}.Debug|x86.Build.0 = Debug|Any CPU
		{C1CE9970-D8C8-4D39-BE0D-CF6AD6026393}.Release|Any CPU.ActiveCfg = Release|Any CPU
		{C1CE9970-D8C8-4D39-BE0D-CF6AD6026393}.Release|Any CPU.Build.0 = Release|Any CPU
		{C1CE9970-D8C8-4D39-BE0D-CF6AD6026393}.Release|x64.ActiveCfg = Release|Any CPU
		{C1CE9970-D8C8-4D39-BE0D-CF6AD6026393}.Release|x64.Build.0 = Release|Any CPU
		{C1CE9970-D8C8-4D39-BE0D-CF6AD6026393}.Release|x86.ActiveCfg = Release|Any CPU
		{C1CE9970-D8C8-4D39-BE0D-CF6AD6026393}.Release|x86.Build.0 = Release|Any CPU
		{80E871B3-6CE9-49EF-B062-45A5A0F66279}.Debug|Any CPU.ActiveCfg = Debug|Any CPU
		{80E871B3-6CE9-49EF-B062-45A5A0F66279}.Debug|Any CPU.Build.0 = Debug|Any CPU
		{80E871B3-6CE9-49EF-B062-45A5A0F66279}.Debug|x64.ActiveCfg = Debug|Any CPU
		{80E871B3-6CE9-49EF-B062-45A5A0F66279}.Debug|x64.Build.0 = Debug|Any CPU
		{80E871B3-6CE9-49EF-B062-45A5A0F66279}.Debug|x86.ActiveCfg = Debug|Any CPU
		{80E871B3-6CE9-49EF-B062-45A5A0F66279}.Debug|x86.Build.0 = Debug|Any CPU
		{80E871B3-6CE9-49EF-B062-45A5A0F66279}.Release|Any CPU.ActiveCfg = Release|Any CPU
		{80E871B3-6CE9-49EF-B062-45A5A0F66279}.Release|Any CPU.Build.0 = Release|Any CPU
		{80E871B3-6CE9-49EF-B062-45A5A0F66279}.Release|x64.ActiveCfg = Release|Any CPU
		{80E871B3-6CE9-49EF-B062-45A5A0F66279}.Release|x64.Build.0 = Release|Any CPU
		{80E871B3-6CE9-49EF-B062-45A5A0F66279}.Release|x86.ActiveCfg = Release|Any CPU
		{80E871B3-6CE9-49EF-B062-45A5A0F66279}.Release|x86.Build.0 = Release|Any CPU
		{ED414DDC-6050-4E8E-B1D4-289A5AAEE378}.Debug|Any CPU.ActiveCfg = Debug|Any CPU
		{ED414DDC-6050-4E8E-B1D4-289A5AAEE378}.Debug|Any CPU.Build.0 = Debug|Any CPU
		{ED414DDC-6050-4E8E-B1D4-289A5AAEE378}.Debug|x64.ActiveCfg = Debug|Any CPU
		{ED414DDC-6050-4E8E-B1D4-289A5AAEE378}.Debug|x64.Build.0 = Debug|Any CPU
		{ED414DDC-6050-4E8E-B1D4-289A5AAEE378}.Debug|x86.ActiveCfg = Debug|Any CPU
		{ED414DDC-6050-4E8E-B1D4-289A5AAEE378}.Debug|x86.Build.0 = Debug|Any CPU
		{ED414DDC-6050-4E8E-B1D4-289A5AAEE378}.Release|Any CPU.ActiveCfg = Release|Any CPU
		{ED414DDC-6050-4E8E-B1D4-289A5AAEE378}.Release|Any CPU.Build.0 = Release|Any CPU
		{ED414DDC-6050-4E8E-B1D4-289A5AAEE378}.Release|x64.ActiveCfg = Release|Any CPU
		{ED414DDC-6050-4E8E-B1D4-289A5AAEE378}.Release|x64.Build.0 = Release|Any CPU
		{ED414DDC-6050-4E8E-B1D4-289A5AAEE378}.Release|x86.ActiveCfg = Release|Any CPU
		{ED414DDC-6050-4E8E-B1D4-289A5AAEE378}.Release|x86.Build.0 = Release|Any CPU
		{1AD1B139-9F96-4A82-9D2E-E48CE43655BF}.Debug|Any CPU.ActiveCfg = Debug|Any CPU
		{1AD1B139-9F96-4A82-9D2E-E48CE43655BF}.Debug|Any CPU.Build.0 = Debug|Any CPU
		{1AD1B139-9F96-4A82-9D2E-E48CE43655BF}.Debug|x64.ActiveCfg = Debug|Any CPU
		{1AD1B139-9F96-4A82-9D2E-E48CE43655BF}.Debug|x64.Build.0 = Debug|Any CPU
		{1AD1B139-9F96-4A82-9D2E-E48CE43655BF}.Debug|x86.ActiveCfg = Debug|Any CPU
		{1AD1B139-9F96-4A82-9D2E-E48CE43655BF}.Debug|x86.Build.0 = Debug|Any CPU
		{1AD1B139-9F96-4A82-9D2E-E48CE43655BF}.Release|Any CPU.ActiveCfg = Release|Any CPU
		{1AD1B139-9F96-4A82-9D2E-E48CE43655BF}.Release|Any CPU.Build.0 = Release|Any CPU
		{1AD1B139-9F96-4A82-9D2E-E48CE43655BF}.Release|x64.ActiveCfg = Release|Any CPU
		{1AD1B139-9F96-4A82-9D2E-E48CE43655BF}.Release|x64.Build.0 = Release|Any CPU
		{1AD1B139-9F96-4A82-9D2E-E48CE43655BF}.Release|x86.ActiveCfg = Release|Any CPU
		{1AD1B139-9F96-4A82-9D2E-E48CE43655BF}.Release|x86.Build.0 = Release|Any CPU
		{045868B7-B215-48D3-87BD-9AEC32C97CC6}.Debug|Any CPU.ActiveCfg = Debug|Any CPU
		{045868B7-B215-48D3-87BD-9AEC32C97CC6}.Debug|Any CPU.Build.0 = Debug|Any CPU
		{045868B7-B215-48D3-87BD-9AEC32C97CC6}.Debug|x64.ActiveCfg = Debug|Any CPU
		{045868B7-B215-48D3-87BD-9AEC32C97CC6}.Debug|x64.Build.0 = Debug|Any CPU
		{045868B7-B215-48D3-87BD-9AEC32C97CC6}.Debug|x86.ActiveCfg = Debug|Any CPU
		{045868B7-B215-48D3-87BD-9AEC32C97CC6}.Debug|x86.Build.0 = Debug|Any CPU
		{045868B7-B215-48D3-87BD-9AEC32C97CC6}.Release|Any CPU.ActiveCfg = Release|Any CPU
		{045868B7-B215-48D3-87BD-9AEC32C97CC6}.Release|Any CPU.Build.0 = Release|Any CPU
		{045868B7-B215-48D3-87BD-9AEC32C97CC6}.Release|x64.ActiveCfg = Release|Any CPU
		{045868B7-B215-48D3-87BD-9AEC32C97CC6}.Release|x64.Build.0 = Release|Any CPU
		{045868B7-B215-48D3-87BD-9AEC32C97CC6}.Release|x86.ActiveCfg = Release|Any CPU
		{045868B7-B215-48D3-87BD-9AEC32C97CC6}.Release|x86.Build.0 = Release|Any CPU
		{2EC7E901-DC72-4F6E-B930-2B8CEF4257A1}.Debug|Any CPU.ActiveCfg = Debug|Any CPU
		{2EC7E901-DC72-4F6E-B930-2B8CEF4257A1}.Debug|Any CPU.Build.0 = Debug|Any CPU
		{2EC7E901-DC72-4F6E-B930-2B8CEF4257A1}.Debug|x64.ActiveCfg = Debug|Any CPU
		{2EC7E901-DC72-4F6E-B930-2B8CEF4257A1}.Debug|x64.Build.0 = Debug|Any CPU
		{2EC7E901-DC72-4F6E-B930-2B8CEF4257A1}.Debug|x86.ActiveCfg = Debug|Any CPU
		{2EC7E901-DC72-4F6E-B930-2B8CEF4257A1}.Debug|x86.Build.0 = Debug|Any CPU
		{2EC7E901-DC72-4F6E-B930-2B8CEF4257A1}.Release|Any CPU.ActiveCfg = Release|Any CPU
		{2EC7E901-DC72-4F6E-B930-2B8CEF4257A1}.Release|Any CPU.Build.0 = Release|Any CPU
		{2EC7E901-DC72-4F6E-B930-2B8CEF4257A1}.Release|x64.ActiveCfg = Release|Any CPU
		{2EC7E901-DC72-4F6E-B930-2B8CEF4257A1}.Release|x64.Build.0 = Release|Any CPU
		{2EC7E901-DC72-4F6E-B930-2B8CEF4257A1}.Release|x86.ActiveCfg = Release|Any CPU
		{2EC7E901-DC72-4F6E-B930-2B8CEF4257A1}.Release|x86.Build.0 = Release|Any CPU
		{7F6F4D0E-3E22-4A4F-831C-83A4BB67B72B}.Debug|Any CPU.ActiveCfg = Debug|Any CPU
		{7F6F4D0E-3E22-4A4F-831C-83A4BB67B72B}.Debug|Any CPU.Build.0 = Debug|Any CPU
		{7F6F4D0E-3E22-4A4F-831C-83A4BB67B72B}.Debug|x64.ActiveCfg = Debug|Any CPU
		{7F6F4D0E-3E22-4A4F-831C-83A4BB67B72B}.Debug|x64.Build.0 = Debug|Any CPU
		{7F6F4D0E-3E22-4A4F-831C-83A4BB67B72B}.Debug|x86.ActiveCfg = Debug|Any CPU
		{7F6F4D0E-3E22-4A4F-831C-83A4BB67B72B}.Debug|x86.Build.0 = Debug|Any CPU
		{7F6F4D0E-3E22-4A4F-831C-83A4BB67B72B}.Release|Any CPU.ActiveCfg = Release|Any CPU
		{7F6F4D0E-3E22-4A4F-831C-83A4BB67B72B}.Release|Any CPU.Build.0 = Release|Any CPU
		{7F6F4D0E-3E22-4A4F-831C-83A4BB67B72B}.Release|x64.ActiveCfg = Release|Any CPU
		{7F6F4D0E-3E22-4A4F-831C-83A4BB67B72B}.Release|x64.Build.0 = Release|Any CPU
		{7F6F4D0E-3E22-4A4F-831C-83A4BB67B72B}.Release|x86.ActiveCfg = Release|Any CPU
		{7F6F4D0E-3E22-4A4F-831C-83A4BB67B72B}.Release|x86.Build.0 = Release|Any CPU
	EndGlobalSection
	GlobalSection(NestedProjects) = preSolution
		{C1CE9970-D8C8-4D39-BE0D-CF6AD6026393} = {377BC13E-E7D9-4D7F-BCCB-1A2ABA43A0C3}
		{80E871B3-6CE9-49EF-B062-45A5A0F66279} = {377BC13E-E7D9-4D7F-BCCB-1A2ABA43A0C3}
		{ED414DDC-6050-4E8E-B1D4-289A5AAEE378} = {377BC13E-E7D9-4D7F-BCCB-1A2ABA43A0C3}
		{1AD1B139-9F96-4A82-9D2E-E48CE43655BF} = {377BC13E-E7D9-4D7F-BCCB-1A2ABA43A0C3}
		{045868B7-B215-48D3-87BD-9AEC32C97CC6} = {1FEF56CE-A220-4C1F-A444-03F10ED816A3}
		{2EC7E901-DC72-4F6E-B930-2B8CEF4257A1} = {1FEF56CE-A220-4C1F-A444-03F10ED816A3}
		{7F6F4D0E-3E22-4A4F-831C-83A4BB67B72B} = {1FEF56CE-A220-4C1F-A444-03F10ED816A3}
	EndGlobalSection
EndGlobal
